
Microsoft Visual Studio Solution File, Format Version 12.00
# Visual Studio Version 17
VisualStudioVersion = 17.10.35027.167
MinimumVisualStudioVersion = 10.0.40219.1
Project("{FAE04EC0-301F-11D3-BF4B-00C04F79EFBC}") = "NewCalculatorApp", "NewCalculatorApp\NewCalculatorApp.csproj", "{39C85F87-25C9-4AC8-A2C9-D0EDD3E56B8A}"
EndProject
Global
	GlobalSection(SolutionConfigurationPlatforms) = preSolution
		Debug|Any CPU = Debug|Any CPU
		Release|Any CPU = Release|Any CPU
	EndGlobalSection
	GlobalSection(ProjectConfigurationPlatforms) = postSolution
		{39C85F87-25C9-4AC8-A2C9-D0EDD3E56B8A}.Debug|Any CPU.ActiveCfg = Debug|Any CPU
		{39C85F87-25C9-4AC8-A2C9-D0EDD3E56B8A}.Debug|Any CPU.Build.0 = Debug|Any CPU
		{39C85F87-25C9-4AC8-A2C9-D0EDD3E56B8A}.Release|Any CPU.ActiveCfg = Release|Any CPU
		{39C85F87-25C9-4AC8-A2C9-D0EDD3E56B8A}.Release|Any CPU.Build.0 = Release|Any CPU
	EndGlobalSection
	GlobalSection(SolutionProperties) = preSolution
		HideSolutionNode = FALSE
	EndGlobalSection
	GlobalSection(ExtensibilityGlobals) = postSolution
		SolutionGuid = {4B990CCB-1B1F-4E05-8C15-7238FBEBE534}
	EndGlobalSection
EndGlobal
